{
  "nodes": {
    "flakeNimbleLib": {
      "inputs": {
        "nixpkgs": [
          "nixpkgs"
        ]
      },
      "locked": {
        "lastModified": 1662018438,
        "narHash": "sha256-QtNtU6+LX3Wokxf0zlFwKTFOcn6TeDjKQZ+DA9OYtvM=",
        "owner": "riinr",
        "repo": "nim-flakes-lib",
        "rev": "b1fe8340736e3a85d25c709ac3dfd82a55c03cbf",
        "type": "github"
      },
      "original": {
        "owner": "riinr",
        "ref": "master",
        "repo": "nim-flakes-lib",
        "type": "github"
      }
    },
    "lilt-master": {
      "inputs": {
        "flakeNimbleLib": [
          "flakeNimbleLib"
        ],
        "nixpkgs": [
          "nixpkgs"
        ],
        "src-lilt-master": "src-lilt-master"
      },
      "locked": {
        "dir": "master",
        "lastModified": 1662254581,
        "narHash": "sha256-ffPiSCXG2UOEic/UhyVbC/AmvhDKBjlw4WgQfm4LAoA=",
        "owner": "nim-nix-pkgs",
        "repo": "lilt",
        "rev": "3f9994329e6f626c7d7257748cecbf9268c59242",
        "type": "github"
      },
      "original": {
        "dir": "master",
        "owner": "nim-nix-pkgs",
        "ref": "master",
        "repo": "lilt",
        "type": "github"
      }
    },
    "nixpkgs": {
      "locked": {
        "lastModified": 1667110639,
        "narHash": "sha256-4FbPESZ5LbqQxkJJJBAfk/zKgF9h/4kyUwjjpJwYlbc=",
        "owner": "NixOS",
        "repo": "nixpkgs",
        "rev": "f38a1f04d1bec1feb61fd101a0539ae2002a7087",
        "type": "github"
      },
      "original": {
        "id": "nixpkgs",
        "type": "indirect"
      }
    },
    "root": {
      "inputs": {
        "flakeNimbleLib": "flakeNimbleLib",
        "lilt-master": "lilt-master",
        "nixpkgs": "nixpkgs"
      }
    },
    "src-lilt-master": {
      "flake": false,
      "locked": {
        "lastModified": 1543715830,
        "narHash": "sha256-4XWIBS5kgd5r7DFXbyOsBU7fUBxrNKEi1H98chdyXpg=",
        "owner": "quelklef",
        "repo": "lilt",
        "rev": "f827aa01e3887235379ede6562b60aa2f6dd225e",
        "type": "github"
      },
      "original": {
        "owner": "quelklef",
        "ref": "refs/heads/master",
        "repo": "lilt",
        "type": "github"
      }
    }
  },
  "root": "root",
  "version": 7
}
